<Solution>
  <Configurations>
    <Platform Name="Any CPU" />
    <Platform Name="x64" />
    <Platform Name="x86" />
  </Configurations>
  <Folder Name="/Solution Items/">
    <File Path=".editorconfig" />
    <File Path=".template.config/template.json" />
    <File Path="CleanArchitecture.nuspec" />
    <File Path="Directory.Build.props" />
    <File Path="Directory.Packages.props" />
  </Folder>
  <Folder Name="/src/">
    <Project Path="src/Clean.Architecture.Api/Clean.Architecture.Api.csproj" />
    <Project Path="src/Clean.Architecture.Application/Clean.Architecture.Applictaion.csproj" />
    <Project Path="src/Clean.Architecture.Domain/Clean.Architecture.Domain.csproj" />
    <Project Path="src/Clean.Architecture.Infrastructure/Clean.Architecture.Infrastructure.csproj" />
  </Folder>
  <Folder Name="/tests/">
    <Project Path="tests/Clean.Architecture.FunctionalTests/Clean.Architecture.Application.UnitTests.csproj" />
    <Project Path="tests/Clean.Architecture.IntegrationTests/Clean.Architecture.Api.IntegrationTests.csproj" />
    <Project Path="tests/Clean.Architecture.UnitTests/Clean.Architecture.Domain.UnitTests.csproj" />
  </Folder>
</Solution>
